// !$*UTF8*$!
{
	archiveVersion = 1;
	classes = {
	};
	objectVersion = 48;
	objects = {

/* Begin PBXBuildFile section */
		9E691A80204FB13F00B43509 /* AppDelegate.swift in Sources */ = {isa = PBXBuildFile; fileRef = 9E691A7F204FB13F00B43509 /* AppDelegate.swift */; };
		9E691A82204FB13F00B43509 /* ViewController.swift in Sources */ = {isa = PBXBuildFile; fileRef = 9E691A81204FB13F00B43509 /* ViewController.swift */; };
		9E691A85204FB13F00B43509 /* Main.storyboard in Resources */ = {isa = PBXBuildFile; fileRef = 9E691A83204FB13F00B43509 /* Main.storyboard */; };
		9E691A87204FB13F00B43509 /* Assets.xcassets in Resources */ = {isa = PBXBuildFile; fileRef = 9E691A86204FB13F00B43509 /* Assets.xcassets */; };
		9E691A8A204FB13F00B43509 /* LaunchScreen.storyboard in Resources */ = {isa = PBXBuildFile; fileRef = 9E691A88204FB13F00B43509 /* LaunchScreen.storyboard */; };
		9E691A95204FB14000B43509 /* Vocabulary_TrainerTests.swift in Sources */ = {isa = PBXBuildFile; fileRef = 9E691A94204FB14000B43509 /* Vocabulary_TrainerTests.swift */; };
/* End PBXBuildFile section */

/* Begin PBXContainerItemProxy section */
		9E691A91204FB14000B43509 /* PBXContainerItemProxy */ = {
			isa = PBXContainerItemProxy;
			containerPortal = 9E691A74204FB13F00B43509 /* Project object */;
			proxyType = 1;
			remoteGlobalIDString = 9E691A7B204FB13F00B43509;
			remoteInfo = "Vocabulary Trainer";
		};
/* End PBXContainerItemProxy section */

/* Begin PBXFileReference section */
		9E691A7C204FB13F00B43509 /* Vocabulary Trainer.app */ = {isa = PBXFileReference; explicitFileType = wrapper.application; includeInIndex = 0; path = "Vocabulary Trainer.app"; sourceTree = BUILT_PRODUCTS_DIR; };
		9E691A7F204FB13F00B43509 /* AppDelegate.swift */ = {isa = PBXFileReference; lastKnownFileType = sourcecode.swift; path = AppDelegate.swift; sourceTree = "<group>"; };
		9E691A81204FB13F00B43509 /* ViewController.swift */ = {isa = PBXFileReference; lastKnownFileType = sourcecode.swift; path = ViewController.swift; sourceTree = "<group>"; };
		9E691A84204FB13F00B43509 /* Base */ = {isa = PBXFileReference; lastKnownFileType = file.storyboard; name = Base; path = Base.lproj/Main.storyboard; sourceTree = "<group>"; };
		9E691A86204FB13F00B43509 /* Assets.xcassets */ = {isa = PBXFileReference; lastKnownFileType = folder.assetcatalog; path = Assets.xcassets; sourceTree = "<group>"; };
		9E691A89204FB13F00B43509 /* Base */ = {isa = PBXFileReference; lastKnownFileType = file.storyboard; name = Base; path = Base.lproj/LaunchScreen.storyboard; sourceTree = "<group>"; };
		9E691A8B204FB13F00B43509 /* Info.plist */ = {isa = PBXFileReference; lastKnownFileType = text.plist.xml; path = Info.plist; sourceTree = "<group>"; };
		9E691A90204FB14000B43509 /* Vocabulary TrainerTests.xctest */ = {isa = PBXFileReference; explicitFileType = wrapper.cfbundle; includeInIndex = 0; path = "Vocabulary TrainerTests.xctest"; sourceTree = BUILT_PRODUCTS_DIR; };
		9E691A94204FB14000B43509 /* Vocabulary_TrainerTests.swift */ = {isa = PBXFileReference; lastKnownFileType = sourcecode.swift; path = Vocabulary_TrainerTests.swift; sourceTree = "<group>"; };
		9E691A96204FB14000B43509 /* Info.plist */ = {isa = PBXFileReference; lastKnownFileType = text.plist.xml; path = Info.plist; sourceTree = "<group>"; };
/* End PBXFileReference section */

/* Begin PBXFrameworksBuildPhase section */
		9E691A79204FB13F00B43509 /* Frameworks */ = {
			isa = PBXFrameworksBuildPhase;
			buildActionMask = 2147483647;
			files = (
			);
			runOnlyForDeploymentPostprocessing = 0;
		};
		9E691A8D204FB14000B43509 /* Frameworks */ = {
			isa = PBXFrameworksBuildPhase;
			buildActionMask = 2147483647;
			files = (
			);
			runOnlyForDeploymentPostprocessing = 0;
		};
/* End PBXFrameworksBuildPhase section */

/* Begin PBXGroup section */
		9E691A73204FB13F00B43509 = {
			isa = PBXGroup;
			children = (
				9E691A7E204FB13F00B43509 /* Vocabulary Trainer */,
				9E691A93204FB14000B43509 /* Vocabulary TrainerTests */,
				9E691A7D204FB13F00B43509 /* Products */,
			);
			sourceTree = "<group>";
		};
		9E691A7D204FB13F00B43509 /* Products */ = {
			isa = PBXGroup;
			children = (
				9E691A7C204FB13F00B43509 /* Vocabulary Trainer.app */,
				9E691A90204FB14000B43509 /* Vocabulary TrainerTests.xctest */,
			);
			name = Products;
			sourceTree = "<group>";
		};
		9E691A7E204FB13F00B43509 /* Vocabulary Trainer */ = {
			isa = PBXGroup;
			children = (
				9E691A7F204FB13F00B43509 /* AppDelegate.swift */,
				9E691A81204FB13F00B43509 /* ViewController.swift */,
				9E691A83204FB13F00B43509 /* Main.storyboard */,
				9E691A86204FB13F00B43509 /* Assets.xcassets */,
				9E691A88204FB13F00B43509 /* LaunchScreen.storyboard */,
				9E691A8B204FB13F00B43509 /* Info.plist */,
			);
			path = "Vocabulary Trainer";
			sourceTree = "<group>";
		};
		9E691A93204FB14000B43509 /* Vocabulary TrainerTests */ = {
			isa = PBXGroup;
			children = (
				9E691A94204FB14000B43509 /* Vocabulary_TrainerTests.swift */,
				9E691A96204FB14000B43509 /* Info.plist */,
			);
			path = "Vocabulary TrainerTests";
			sourceTree = "<group>";
		};
/* End PBXGroup section */

/* Begin PBXNativeTarget section */
		9E691A7B204FB13F00B43509 /* Vocabulary Trainer */ = {
			isa = PBXNativeTarget;
			buildConfigurationList = 9E691A99204FB14000B43509 /* Build configuration list for PBXNativeTarget "Vocabulary Trainer" */;
			buildPhases = (
				9E691A78204FB13F00B43509 /* Sources */,
				9E691A79204FB13F00B43509 /* Frameworks */,
				9E691A7A204FB13F00B43509 /* Resources */,
			);
			buildRules = (
			);
			dependencies = (
			);
			name = "Vocabulary Trainer";
			productName = "Vocabulary Trainer";
			productReference = 9E691A7C204FB13F00B43509 /* Vocabulary Trainer.app */;
			productType = "com.apple.product-type.application";
		};
		9E691A8F204FB14000B43509 /* Vocabulary TrainerTests */ = {
			isa = PBXNativeTarget;
			buildConfigurationList = 9E691A9C204FB14000B43509 /* Build configuration list for PBXNativeTarget "Vocabulary TrainerTests" */;
			buildPhases = (
				9E691A8C204FB14000B43509 /* Sources */,
				9E691A8D204FB14000B43509 /* Frameworks */,
				9E691A8E204FB14000B43509 /* Resources */,
			);
			buildRules = (
			);
			dependencies = (
				9E691A92204FB14000B43509 /* PBXTargetDependency */,
			);
			name = "Vocabulary TrainerTests";
			productName = "Vocabulary TrainerTests";
			productReference = 9E691A90204FB14000B43509 /* Vocabulary TrainerTests.xctest */;
			productType = "com.apple.product-type.bundle.unit-test";
		};
/* End PBXNativeTarget section */

/* Begin PBXProject section */
		9E691A74204FB13F00B43509 /* Project object */ = {
			isa = PBXProject;
			attributes = {
				LastSwiftUpdateCheck = 0920;
				LastUpgradeCheck = 0920;
				ORGANIZATIONNAME = "Marzena Kruszy";
				TargetAttributes = {
					9E691A7B204FB13F00B43509 = {
						CreatedOnToolsVersion = 9.2;
						ProvisioningStyle = Automatic;
					};
					9E691A8F204FB14000B43509 = {
						CreatedOnToolsVersion = 9.2;
						ProvisioningStyle = Automatic;
						TestTargetID = 9E691A7B204FB13F00B43509;
					};
				};
			};
			buildConfigurationList = 9E691A77204FB13F00B43509 /* Build configuration list for PBXProject "Vocabulary Trainer" */;
			compatibilityVersion = "Xcode 8.0";
			developmentRegion = en;
			hasScannedForEncodings = 0;
			knownRegions = (
				en,
				Base,
			);
			mainGroup = 9E691A73204FB13F00B43509;
			productRefGroup = 9E691A7D204FB13F00B43509 /* Products */;
			projectDirPath = "";
			projectRoot = "";
			targets = (
				9E691A7B204FB13F00B43509 /* Vocabulary Trainer */,
				9E691A8F204FB14000B43509 /* Vocabulary TrainerTests */,
			);
		};
/* End PBXProject section */

/* Begin PBXResourcesBuildPhase section */
		9E691A7A204FB13F00B43509 /* Resources */ = {
			isa = PBXResourcesBuildPhase;
			buildActionMask = 2147483647;
			files = (
				9E691A8A204FB13F00B43509 /* LaunchScreen.storyboard in Resources */,
				9E691A87204FB13F00B43509 /* Assets.xcassets in Resources */,
				9E691A85204FB13F00B43509 /* Main.storyboard in Resources */,
			);
			runOnlyForDeploymentPostprocessing = 0;
		};
		9E691A8E204FB14000B43509 /* Resources */ = {
			isa = PBXResourcesBuildPhase;
			buildActionMask = 2147483647;
			files = (
			);
			runOnlyForDeploymentPostprocessing = 0;
		};
/* End PBXResourcesBuildPhase section */

/* Begin PBXSourcesBuildPhase section */
		9E691A78204FB13F00B43509 /* Sources */ = {
			isa = PBXSourcesBuildPhase;
			buildActionMask = 2147483647;
			files = (
				9E691A82204FB13F00B43509 /* ViewController.swift in Sources */,
				9E691A80204FB13F00B43509 /* AppDelegate.swift in Sources */,
			);
			runOnlyForDeploymentPostprocessing = 0;
		};
		9E691A8C204FB14000B43509 /* Sources */ = {
			isa = PBXSourcesBuildPhase;
			buildActionMask = 2147483647;
			files = (
				9E691A95204FB14000B43509 /* Vocabulary_TrainerTests.swift in Sources */,
			);
			runOnlyForDeploymentPostprocessing = 0;
		};
/* End PBXSourcesBuildPhase section */

/* Begin PBXTargetDependency section */
		9E691A92204FB14000B43509 /* PBXTargetDependency */ = {
			isa = PBXTargetDependency;
			target = 9E691A7B204FB13F00B43509 /* Vocabulary Trainer */;
			targetProxy = 9E691A91204FB14000B43509 /* PBXContainerItemProxy */;
		};
/* End PBXTargetDependency section */

/* Begin PBXVariantGroup section */
		9E691A83204FB13F00B43509 /* Main.storyboard */ = {
			isa = PBXVariantGroup;
			children = (
				9E691A84204FB13F00B43509 /* Base */,
			);
			name = Main.storyboard;
			sourceTree = "<group>";
		};
		9E691A88204FB13F00B43509 /* LaunchScreen.storyboard */ = {
			isa = PBXVariantGroup;
			children = (
				9E691A89204FB13F00B43509 /* Base */,
			);
			name = LaunchScreen.storyboard;
			sourceTree = "<group>";
		};
/* End PBXVariantGroup section */

/* Begin XCBuildConfiguration section */
		9E691A97204FB14000B43509 /* Debug */ = {
			isa = XCBuildConfiguration;
			buildSettings = {
				ALWAYS_SEARCH_USER_PATHS = NO;
				CLANG_ANALYZER_NONNULL = YES;
				CLANG_ANALYZER_NUMBER_OBJECT_CONVERSION = YES_AGGRESSIVE;
				CLANG_CXX_LANGUAGE_STANDARD = "gnu++14";
				CLANG_CXX_LIBRARY = "libc++";
				CLANG_ENABLE_MODULES = YES;
				CLANG_ENABLE_OBJC_ARC = YES;
				CLANG_WARN_BLOCK_CAPTURE_AUTORELEASING = YES;
				CLANG_WARN_BOOL_CONVERSION = YES;
				CLANG_WARN_COMMA = YES;
				CLANG_WARN_CONSTANT_CONVERSION = YES;
				CLANG_WARN_DIRECT_OBJC_ISA_USAGE = YES_ERROR;
				CLANG_WARN_DOCUMENTATION_COMMENTS = YES;
				CLANG_WARN_EMPTY_BODY = YES;
				CLANG_WARN_ENUM_CONVERSION = YES;
				CLANG_WARN_INFINITE_RECURSION = YES;
				CLANG_WARN_INT_CONVERSION = YES;
				CLANG_WARN_NON_LITERAL_NULL_CONVERSION = YES;
				CLANG_WARN_OBJC_LITERAL_CONVERSION = YES;
				CLANG_WARN_OBJC_ROOT_CLASS = YES_ERROR;
				CLANG_WARN_RANGE_LOOP_ANALYSIS = YES;
				CLANG_WARN_STRICT_PROTOTYPES = YES;
				CLANG_WARN_SUSPICIOUS_MOVE = YES;
				CLANG_WARN_UNGUARDED_AVAILABILITY = YES_AGGRESSIVE;
				CLANG_WARN_UNREACHABLE_CODE = YES;
				CLANG_WARN__DUPLICATE_METHOD_MATCH = YES;
				CODE_SIGN_IDENTITY = "iPhone Developer";
				COPY_PHASE_STRIP = NO;
				DEBUG_INFORMATION_FORMAT = dwarf;
				ENABLE_STRICT_OBJC_MSGSEND = YES;
				ENABLE_TESTABILITY = YES;
				GCC_C_LANGUAGE_STANDARD = gnu11;
				GCC_DYNAMIC_NO_PIC = NO;
				GCC_NO_COMMON_BLOCKS = YES;
				GCC_OPTIMIZATION_LEVEL = 0;
				GCC_PREPROCESSOR_DEFINITIONS = (
					"DEBUG=1",
					"$(inherited)",
				);
				GCC_WARN_64_TO_32_BIT_CONVERSION = YES;
				GCC_WARN_ABOUT_RETURN_TYPE = YES_ERROR;
				GCC_WARN_UNDECLARED_SELECTOR = YES;
				GCC_WARN_UNINITIALIZED_AUTOS = YES_AGGRESSIVE;
				GCC_WARN_UNUSED_FUNCTION = YES;
				GCC_WARN_UNUSED_VARIABLE = YES;
				IPHONEOS_DEPLOYMENT_TARGET = 11.2;
				MTL_ENABLE_DEBUG_INFO = YES;
				ONLY_ACTIVE_ARCH = YES;
				SDKROOT = iphoneos;
				SWIFT_ACTIVE_COMPILATION_CONDITIONS = DEBUG;
				SWIFT_OPTIMIZATION_LEVEL = "-Onone";
			};
			name = Debug;
		};
		9E691A98204FB14000B43509 /* Release */ = {
			isa = XCBuildConfiguration;
			buildSettings = {
				ALWAYS_SEARCH_USER_PATHS = NO;
				CLANG_ANALYZER_NONNULL = YES;
				CLANG_ANALYZER_NUMBER_OBJECT_CONVERSION = YES_AGGRESSIVE;
				CLANG_CXX_LANGUAGE_STANDARD = "gnu++14";
				CLANG_CXX_LIBRARY = "libc++";
				CLANG_ENABLE_MODULES = YES;
				CLANG_ENABLE_OBJC_ARC = YES;
				CLANG_WARN_BLOCK_CAPTURE_AUTORELEASING = YES;
				CLANG_WARN_BOOL_CONVERSION = YES;
				CLANG_WARN_COMMA = YES;
				CLANG_WARN_CONSTANT_CONVERSION = YES;
				CLANG_WARN_DIRECT_OBJC_ISA_USAGE = YES_ERROR;
				CLANG_WARN_DOCUMENTATION_COMMENTS = YES;
				CLANG_WARN_EMPTY_BODY = YES;
				CLANG_WARN_ENUM_CONVERSION = YES;
				CLANG_WARN_INFINITE_RECURSION = YES;
				CLANG_WARN_INT_CONVERSION = YES;
				CLANG_WARN_NON_LITERAL_NULL_CONVERSION = YES;
				CLANG_WARN_OBJC_LITERAL_CONVERSION = YES;
				CLANG_WARN_OBJC_ROOT_CLASS = YES_ERROR;
				CLANG_WARN_RANGE_LOOP_ANALYSIS = YES;
				CLANG_WARN_STRICT_PROTOTYPES = YES;
				CLANG_WARN_SUSPICIOUS_MOVE = YES;
				CLANG_WARN_UNGUARDED_AVAILABILITY = YES_AGGRESSIVE;
				CLANG_WARN_UNREACHABLE_CODE = YES;
				CLANG_WARN__DUPLICATE_METHOD_MATCH = YES;
				CODE_SIGN_IDENTITY = "iPhone Developer";
				COPY_PHASE_STRIP = NO;
				DEBUG_INFORMATION_FORMAT = "dwarf-with-dsym";
				ENABLE_NS_ASSERTIONS = NO;
				ENABLE_STRICT_OBJC_MSGSEND = YES;
				GCC_C_LANGUAGE_STANDARD = gnu11;
				GCC_NO_COMMON_BLOCKS = YES;
				GCC_WARN_64_TO_32_BIT_CONVERSION = YES;
				GCC_WARN_ABOUT_RETURN_TYPE = YES_ERROR;
				GCC_WARN_UNDECLARED_SELECTOR = YES;
				GCC_WARN_UNINITIALIZED_AUTOS = YES_AGGRESSIVE;
				GCC_WARN_UNUSED_FUNCTION = YES;
				GCC_WARN_UNUSED_VARIABLE = YES;
				IPHONEOS_DEPLOYMENT_TARGET = 11.2;
				MTL_ENABLE_DEBUG_INFO = NO;
				SDKROOT = iphoneos;
				SWIFT_OPTIMIZATION_LEVEL = "-Owholemodule";
				VALIDATE_PRODUCT = YES;
			};
			name = Release;
		};
		9E691A9A204FB14000B43509 /* Debug */ = {
			isa = XCBuildConfiguration;
			buildSettings = {
				ASSETCATALOG_COMPILER_APPICON_NAME = AppIcon;
				CODE_SIGN_STYLE = Automatic;
				DEVELOPMENT_TEAM = 4QR4YZJ2KF;
				INFOPLIST_FILE = "Vocabulary Trainer/Info.plist";
				LD_RUNPATH_SEARCH_PATHS = "$(inherited) @executable_path/Frameworks";
				PRODUCT_BUNDLE_IDENTIFIER = "m.Vocabulary-Trainer";
				PRODUCT_NAME = "$(TARGET_NAME)";
				SWIFT_VERSION = 4.0;
				TARGETED_DEVICE_FAMILY = "1,2";
			};
			name = Debug;
		};
		9E691A9B204FB14000B43509 /* Release */ = {
			isa = XCBuildConfiguration;
			buildSettings = {
				ASSETCATALOG_COMPILER_APPICON_NAME = AppIcon;
				CODE_SIGN_STYLE = Automatic;
				DEVELOPMENT_TEAM = 4QR4YZJ2KF;
				INFOPLIST_FILE = "Vocabulary Trainer/Info.plist";
				LD_RUNPATH_SEARCH_PATHS = "$(inherited) @executable_path/Frameworks";
				PRODUCT_BUNDLE_IDENTIFIER = "m.Vocabulary-Trainer";
				PRODUCT_NAME = "$(TARGET_NAME)";
				SWIFT_VERSION = 4.0;
				TARGETED_DEVICE_FAMILY = "1,2";
			};
			name = Release;
		};
		9E691A9D204FB14000B43509 /* Debug */ = {
			isa = XCBuildConfiguration;
			buildSettings = {
				ALWAYS_EMBED_SWIFT_STANDARD_LIBRARIES = YES;
				BUNDLE_LOADER = "$(TEST_HOST)";
				CODE_SIGN_STYLE = Automatic;
				DEVELOPMENT_TEAM = 4QR4YZJ2KF;
				INFOPLIST_FILE = "Vocabulary TrainerTests/Info.plist";
				LD_RUNPATH_SEARCH_PATHS = "$(inherited) @executable_path/Frameworks @loader_path/Frameworks";
				PRODUCT_BUNDLE_IDENTIFIER = "m.Vocabulary-TrainerTests";
				PRODUCT_NAME = "$(TARGET_NAME)";
				SWIFT_VERSION = 4.0;
				TARGETED_DEVICE_FAMILY = "1,2";
				TEST_HOST = "$(BUILT_PRODUCTS_DIR)/Vocabulary Trainer.app/Vocabulary Trainer";
			};
			name = Debug;
		};
		9E691A9E204FB14000B43509 /* Release */ = {
			isa = XCBuildConfiguration;
			buildSettings = {
				ALWAYS_EMBED_SWIFT_STANDARD_LIBRARIES = YES;
				BUNDLE_LOADER = "$(TEST_HOST)";
				CODE_SIGN_STYLE = Automatic;
				DEVELOPMENT_TEAM = 4QR4YZJ2KF;
				INFOPLIST_FILE = "Vocabulary TrainerTests/Info.plist";
				LD_RUNPATH_SEARCH_PATHS = "$(inherited) @executable_path/Frameworks @loader_path/Frameworks";
				PRODUCT_BUNDLE_IDENTIFIER = "m.Vocabulary-TrainerTests";
				PRODUCT_NAME = "$(TARGET_NAME)";
				SWIFT_VERSION = 4.0;
				TARGETED_DEVICE_FAMILY = "1,2";
				TEST_HOST = "$(BUILT_PRODUCTS_DIR)/Vocabulary Trainer.app/Vocabulary Trainer";
			};
			name = Release;
		};
/* End XCBuildConfiguration section */

/* Begin XCConfigurationList section */
		9E691A77204FB13F00B43509 /* Build configuration list for PBXProject "Vocabulary Trainer" */ = {
			isa = XCConfigurationList;
			buildConfigurations = (
				9E691A97204FB14000B43509 /* Debug */,
				9E691A98204FB14000B43509 /* Release */,
			);
			defaultConfigurationIsVisible = 0;
			defaultConfigurationName = Release;
		};
		9E691A99204FB14000B43509 /* Build configuration list for PBXNativeTarget "Vocabulary Trainer" */ = {
			isa = XCConfigurationList;
			buildConfigurations = (
				9E691A9A204FB14000B43509 /* Debug */,
				9E691A9B204FB14000B43509 /* Release */,
			);
			defaultConfigurationIsVisible = 0;
			defaultConfigurationName = Release;
		};
		9E691A9C204FB14000B43509 /* Build configuration list for PBXNativeTarget "Vocabulary TrainerTests" */ = {
			isa = XCConfigurationList;
			buildConfigurations = (
				9E691A9D204FB14000B43509 /* Debug */,
				9E691A9E204FB14000B43509 /* Release */,
			);
			defaultConfigurationIsVisible = 0;
			defaultConfigurationName = Release;
		};
/* End XCConfigurationList section */
	};
	rootObject = 9E691A74204FB13F00B43509 /* Project object */;
}
